
Microsoft Visual Studio Solution File, Format Version 12.00
# Visual Studio 15
VisualStudioVersion = 15.0.27703.2042
MinimumVisualStudioVersion = 10.0.40219.1
Project("{FAE04EC0-301F-11D3-BF4B-00C04F79EFBC}") = "App01_ConsutarCEP.Android", "App01_ConsutarCEP\App01_ConsutarCEP.Android\App01_ConsutarCEP.Android.csproj", "{37717165-149C-46A9-A1F9-EDB09BC464ED}"
EndProject
Project("{FAE04EC0-301F-11D3-BF4B-00C04F79EFBC}") = "App01_ConsutarCEP.iOS", "App01_ConsutarCEP\App01_ConsutarCEP.iOS\App01_ConsutarCEP.iOS.csproj", "{58ED27E6-8931-42E5-837B-C8D8A9E8A455}"
EndProject
Project("{FAE04EC0-301F-11D3-BF4B-00C04F79EFBC}") = "App01_ConsutarCEP.UWP", "App01_ConsutarCEP\App01_ConsutarCEP.UWP\App01_ConsutarCEP.UWP.csproj", "{996539A1-0C9D-4A14-A2E8-E992D4937A4F}"
EndProject
Project("{FAE04EC0-301F-11D3-BF4B-00C04F79EFBC}") = "App01_ConsutarCEP", "App01_ConsutarCEP\App01_ConsutarCEP\App01_ConsutarCEP.csproj", "{AC619ED0-CF92-45D7-94A6-CA0BC3CC95DE}"
EndProject
Global
	GlobalSection(SolutionConfigurationPlatforms) = preSolution
		Ad-Hoc|Any CPU = Ad-Hoc|Any CPU
		Ad-Hoc|ARM = Ad-Hoc|ARM
		Ad-Hoc|iPhone = Ad-Hoc|iPhone
		Ad-Hoc|iPhoneSimulator = Ad-Hoc|iPhoneSimulator
		Ad-Hoc|x64 = Ad-Hoc|x64
		Ad-Hoc|x86 = Ad-Hoc|x86
		AppStore|Any CPU = AppStore|Any CPU
		AppStore|ARM = AppStore|ARM
		AppStore|iPhone = AppStore|iPhone
		AppStore|iPhoneSimulator = AppStore|iPhoneSimulator
		AppStore|x64 = AppStore|x64
		AppStore|x86 = AppStore|x86
		Debug|Any CPU = Debug|Any CPU
		Debug|ARM = Debug|ARM
		Debug|iPhone = Debug|iPhone
		Debug|iPhoneSimulator = Debug|iPhoneSimulator
		Debug|x64 = Debug|x64
		Debug|x86 = Debug|x86
		Release|Any CPU = Release|Any CPU
		Release|ARM = Release|ARM
		Release|iPhone = Release|iPhone
		Release|iPhoneSimulator = Release|iPhoneSimulator
		Release|x64 = Release|x64
		Release|x86 = Release|x86
	EndGlobalSection
	GlobalSection(ProjectConfigurationPlatforms) = postSolution
		{37717165-149C-46A9-A1F9-EDB09BC464ED}.Ad-Hoc|Any CPU.ActiveCfg = Release|Any CPU
		{37717165-149C-46A9-A1F9-EDB09BC464ED}.Ad-Hoc|Any CPU.Build.0 = Release|Any CPU
		{37717165-149C-46A9-A1F9-EDB09BC464ED}.Ad-Hoc|Any CPU.Deploy.0 = Release|Any CPU
		{37717165-149C-46A9-A1F9-EDB09BC464ED}.Ad-Hoc|ARM.ActiveCfg = Release|Any CPU
		{37717165-149C-46A9-A1F9-EDB09BC464ED}.Ad-Hoc|ARM.Build.0 = Release|Any CPU
		{37717165-149C-46A9-A1F9-EDB09BC464ED}.Ad-Hoc|ARM.Deploy.0 = Release|Any CPU
		{37717165-149C-46A9-A1F9-EDB09BC464ED}.Ad-Hoc|iPhone.ActiveCfg = Release|Any CPU
		{37717165-149C-46A9-A1F9-EDB09BC464ED}.Ad-Hoc|iPhone.Build.0 = Release|Any CPU
		{37717165-149C-46A9-A1F9-EDB09BC464ED}.Ad-Hoc|iPhone.Deploy.0 = Release|Any CPU
		{37717165-149C-46A9-A1F9-EDB09BC464ED}.Ad-Hoc|iPhoneSimulator.ActiveCfg = Release|Any CPU
		{37717165-149C-46A9-A1F9-EDB09BC464ED}.Ad-Hoc|iPhoneSimulator.Build.0 = Release|Any CPU
		{37717165-149C-46A9-A1F9-EDB09BC464ED}.Ad-Hoc|iPhoneSimulator.Deploy.0 = Release|Any CPU
		{37717165-149C-46A9-A1F9-EDB09BC464ED}.Ad-Hoc|x64.ActiveCfg = Release|Any CPU
		{37717165-149C-46A9-A1F9-EDB09BC464ED}.Ad-Hoc|x64.Build.0 = Release|Any CPU
		{37717165-149C-46A9-A1F9-EDB09BC464ED}.Ad-Hoc|x64.Deploy.0 = Release|Any CPU
		{37717165-149C-46A9-A1F9-EDB09BC464ED}.Ad-Hoc|x86.ActiveCfg = Release|Any CPU
		{37717165-149C-46A9-A1F9-EDB09BC464ED}.Ad-Hoc|x86.Build.0 = Release|Any CPU
		{37717165-149C-46A9-A1F9-EDB09BC464ED}.Ad-Hoc|x86.Deploy.0 = Release|Any CPU
		{37717165-149C-46A9-A1F9-EDB09BC464ED}.AppStore|Any CPU.ActiveCfg = Release|Any CPU
		{37717165-149C-46A9-A1F9-EDB09BC464ED}.AppStore|Any CPU.Build.0 = Release|Any CPU
		{37717165-149C-46A9-A1F9-EDB09BC464ED}.AppStore|Any CPU.Deploy.0 = Release|Any CPU
		{37717165-149C-46A9-A1F9-EDB09BC464ED}.AppStore|ARM.ActiveCfg = Release|Any CPU
		{37717165-149C-46A9-A1F9-EDB09BC464ED}.AppStore|ARM.Build.0 = Release|Any CPU
		{37717165-149C-46A9-A1F9-EDB09BC464ED}.AppStore|ARM.Deploy.0 = Release|Any CPU
		{37717165-149C-46A9-A1F9-EDB09BC464ED}.AppStore|iPhone.ActiveCfg = Release|Any CPU
		{37717165-149C-46A9-A1F9-EDB09BC464ED}.AppStore|iPhone.Build.0 = Release|Any CPU
		{37717165-149C-46A9-A1F9-EDB09BC464ED}.AppStore|iPhone.Deploy.0 = Release|Any CPU
		{37717165-149C-46A9-A1F9-EDB09BC464ED}.AppStore|iPhoneSimulator.ActiveCfg = Release|Any CPU
		{37717165-149C-46A9-A1F9-EDB09BC464ED}.AppStore|iPhoneSimulator.Build.0 = Release|Any CPU
		{37717165-149C-46A9-A1F9-EDB09BC464ED}.AppStore|iPhoneSimulator.Deploy.0 = Release|Any CPU
		{37717165-149C-46A9-A1F9-EDB09BC464ED}.AppStore|x64.ActiveCfg = Release|Any CPU
		{37717165-149C-46A9-A1F9-EDB09BC464ED}.AppStore|x64.Build.0 = Release|Any CPU
		{37717165-149C-46A9-A1F9-EDB09BC464ED}.AppStore|x64.Deploy.0 = Release|Any CPU
		{37717165-149C-46A9-A1F9-EDB09BC464ED}.AppStore|x86.ActiveCfg = Release|Any CPU
		{37717165-149C-46A9-A1F9-EDB09BC464ED}.AppStore|x86.Build.0 = Release|Any CPU
		{37717165-149C-46A9-A1F9-EDB09BC464ED}.AppStore|x86.Deploy.0 = Release|Any CPU
		{37717165-149C-46A9-A1F9-EDB09BC464ED}.Debug|Any CPU.ActiveCfg = Debug|Any CPU
		{37717165-149C-46A9-A1F9-EDB09BC464ED}.Debug|Any CPU.Build.0 = Debug|Any CPU
		{37717165-149C-46A9-A1F9-EDB09BC464ED}.Debug|Any CPU.Deploy.0 = Debug|Any CPU
		{37717165-149C-46A9-A1F9-EDB09BC464ED}.Debug|ARM.ActiveCfg = Debug|Any CPU
		{37717165-149C-46A9-A1F9-EDB09BC464ED}.Debug|ARM.Build.0 = Debug|Any CPU
		{37717165-149C-46A9-A1F9-EDB09BC464ED}.Debug|ARM.Deploy.0 = Debug|Any CPU
		{37717165-149C-46A9-A1F9-EDB09BC464ED}.Debug|iPhone.ActiveCfg = Debug|Any CPU
		{37717165-149C-46A9-A1F9-EDB09BC464ED}.Debug|iPhone.Build.0 = Debug|Any CPU
		{37717165-149C-46A9-A1F9-EDB09BC464ED}.Debug|iPhone.Deploy.0 = Debug|Any CPU
		{37717165-149C-46A9-A1F9-EDB09BC464ED}.Debug|iPhoneSimulator.ActiveCfg = Debug|Any CPU
		{37717165-149C-46A9-A1F9-EDB09BC464ED}.Debug|iPhoneSimulator.Build.0 = Debug|Any CPU
		{37717165-149C-46A9-A1F9-EDB09BC464ED}.Debug|iPhoneSimulator.Deploy.0 = Debug|Any CPU
		{37717165-149C-46A9-A1F9-EDB09BC464ED}.Debug|x64.ActiveCfg = Debug|Any CPU
		{37717165-149C-46A9-A1F9-EDB09BC464ED}.Debug|x64.Build.0 = Debug|Any CPU
		{37717165-149C-46A9-A1F9-EDB09BC464ED}.Debug|x64.Deploy.0 = Debug|Any CPU
		{37717165-149C-46A9-A1F9-EDB09BC464ED}.Debug|x86.ActiveCfg = Debug|Any CPU
		{37717165-149C-46A9-A1F9-EDB09BC464ED}.Debug|x86.Build.0 = Debug|Any CPU
		{37717165-149C-46A9-A1F9-EDB09BC464ED}.Debug|x86.Deploy.0 = Debug|Any CPU
		{37717165-149C-46A9-A1F9-EDB09BC464ED}.Release|Any CPU.ActiveCfg = Release|Any CPU
		{37717165-149C-46A9-A1F9-EDB09BC464ED}.Release|Any CPU.Build.0 = Release|Any CPU
		{37717165-149C-46A9-A1F9-EDB09BC464ED}.Release|Any CPU.Deploy.0 = Release|Any CPU
		{37717165-149C-46A9-A1F9-EDB09BC464ED}.Release|ARM.ActiveCfg = Release|Any CPU
		{37717165-149C-46A9-A1F9-EDB09BC464ED}.Release|ARM.Build.0 = Release|Any CPU
		{37717165-149C-46A9-A1F9-EDB09BC464ED}.Release|ARM.Deploy.0 = Release|Any CPU
		{37717165-149C-46A9-A1F9-EDB09BC464ED}.Release|iPhone.ActiveCfg = Release|Any CPU
		{37717165-149C-46A9-A1F9-EDB09BC464ED}.Release|iPhone.Build.0 = Release|Any CPU
		{37717165-149C-46A9-A1F9-EDB09BC464ED}.Release|iPhone.Deploy.0 = Release|Any CPU
		{37717165-149C-46A9-A1F9-EDB09BC464ED}.Release|iPhoneSimulator.ActiveCfg = Release|Any CPU
		{37717165-149C-46A9-A1F9-EDB09BC464ED}.Release|iPhoneSimulator.Build.0 = Release|Any CPU
		{37717165-149C-46A9-A1F9-EDB09BC464ED}.Release|iPhoneSimulator.Deploy.0 = Release|Any CPU
		{37717165-149C-46A9-A1F9-EDB09BC464ED}.Release|x64.ActiveCfg = Release|Any CPU
		{37717165-149C-46A9-A1F9-EDB09BC464ED}.Release|x64.Build.0 = Release|Any CPU
		{37717165-149C-46A9-A1F9-EDB09BC464ED}.Release|x64.Deploy.0 = Release|Any CPU
		{37717165-149C-46A9-A1F9-EDB09BC464ED}.Release|x86.ActiveCfg = Release|Any CPU
		{37717165-149C-46A9-A1F9-EDB09BC464ED}.Release|x86.Build.0 = Release|Any CPU
		{37717165-149C-46A9-A1F9-EDB09BC464ED}.Release|x86.Deploy.0 = Release|Any CPU
		{58ED27E6-8931-42E5-837B-C8D8A9E8A455}.Ad-Hoc|Any CPU.ActiveCfg = Ad-Hoc|iPhone
		{58ED27E6-8931-42E5-837B-C8D8A9E8A455}.Ad-Hoc|Any CPU.Build.0 = Ad-Hoc|iPhone
		{58ED27E6-8931-42E5-837B-C8D8A9E8A455}.Ad-Hoc|Any CPU.Deploy.0 = Ad-Hoc|iPhone
		{58ED27E6-8931-42E5-837B-C8D8A9E8A455}.Ad-Hoc|ARM.ActiveCfg = Ad-Hoc|iPhone
		{58ED27E6-8931-42E5-837B-C8D8A9E8A455}.Ad-Hoc|ARM.Build.0 = Ad-Hoc|iPhone
		{58ED27E6-8931-42E5-837B-C8D8A9E8A455}.Ad-Hoc|ARM.Deploy.0 = Ad-Hoc|iPhone
		{58ED27E6-8931-42E5-837B-C8D8A9E8A455}.Ad-Hoc|iPhone.ActiveCfg = Ad-Hoc|iPhone
		{58ED27E6-8931-42E5-837B-C8D8A9E8A455}.Ad-Hoc|iPhone.Build.0 = Ad-Hoc|iPhone
		{58ED27E6-8931-42E5-837B-C8D8A9E8A455}.Ad-Hoc|iPhone.Deploy.0 = Ad-Hoc|iPhone
		{58ED27E6-8931-42E5-837B-C8D8A9E8A455}.Ad-Hoc|iPhoneSimulator.ActiveCfg = Ad-Hoc|iPhoneSimulator
		{58ED27E6-8931-42E5-837B-C8D8A9E8A455}.Ad-Hoc|iPhoneSimulator.Build.0 = Ad-Hoc|iPhoneSimulator
		{58ED27E6-8931-42E5-837B-C8D8A9E8A455}.Ad-Hoc|iPhoneSimulator.Deploy.0 = Ad-Hoc|iPhoneSimulator
		{58ED27E6-8931-42E5-837B-C8D8A9E8A455}.Ad-Hoc|x64.ActiveCfg = Ad-Hoc|iPhone
		{58ED27E6-8931-42E5-837B-C8D8A9E8A455}.Ad-Hoc|x64.Build.0 = Ad-Hoc|iPhone
		{58ED27E6-8931-42E5-837B-C8D8A9E8A455}.Ad-Hoc|x64.Deploy.0 = Ad-Hoc|iPhone
		{58ED27E6-8931-42E5-837B-C8D8A9E8A455}.Ad-Hoc|x86.ActiveCfg = Ad-Hoc|iPhone
		{58ED27E6-8931-42E5-837B-C8D8A9E8A455}.Ad-Hoc|x86.Build.0 = Ad-Hoc|iPhone
		{58ED27E6-8931-42E5-837B-C8D8A9E8A455}.Ad-Hoc|x86.Deploy.0 = Ad-Hoc|iPhone
		{58ED27E6-8931-42E5-837B-C8D8A9E8A455}.AppStore|Any CPU.ActiveCfg = AppStore|iPhone
		{58ED27E6-8931-42E5-837B-C8D8A9E8A455}.AppStore|Any CPU.Build.0 = AppStore|iPhone
		{58ED27E6-8931-42E5-837B-C8D8A9E8A455}.AppStore|Any CPU.Deploy.0 = AppStore|iPhone
		{58ED27E6-8931-42E5-837B-C8D8A9E8A455}.AppStore|ARM.ActiveCfg = AppStore|iPhone
		{58ED27E6-8931-42E5-837B-C8D8A9E8A455}.AppStore|ARM.Build.0 = AppStore|iPhone
		{58ED27E6-8931-42E5-837B-C8D8A9E8A455}.AppStore|ARM.Deploy.0 = AppStore|iPhone
		{58ED27E6-8931-42E5-837B-C8D8A9E8A455}.AppStore|iPhone.ActiveCfg = AppStore|iPhone
		{58ED27E6-8931-42E5-837B-C8D8A9E8A455}.AppStore|iPhone.Build.0 = AppStore|iPhone
		{58ED27E6-8931-42E5-837B-C8D8A9E8A455}.AppStore|iPhone.Deploy.0 = AppStore|iPhone
		{58ED27E6-8931-42E5-837B-C8D8A9E8A455}.AppStore|iPhoneSimulator.ActiveCfg = AppStore|iPhoneSimulator
		{58ED27E6-8931-42E5-837B-C8D8A9E8A455}.AppStore|iPhoneSimulator.Build.0 = AppStore|iPhoneSimulator
		{58ED27E6-8931-42E5-837B-C8D8A9E8A455}.AppStore|iPhoneSimulator.Deploy.0 = AppStore|iPhoneSimulator
		{58ED27E6-8931-42E5-837B-C8D8A9E8A455}.AppStore|x64.ActiveCfg = AppStore|iPhone
		{58ED27E6-8931-42E5-837B-C8D8A9E8A455}.AppStore|x64.Build.0 = AppStore|iPhone
		{58ED27E6-8931-42E5-837B-C8D8A9E8A455}.AppStore|x64.Deploy.0 = AppStore|iPhone
		{58ED27E6-8931-42E5-837B-C8D8A9E8A455}.AppStore|x86.ActiveCfg = AppStore|iPhone
		{58ED27E6-8931-42E5-837B-C8D8A9E8A455}.AppStore|x86.Build.0 = AppStore|iPhone
		{58ED27E6-8931-42E5-837B-C8D8A9E8A455}.AppStore|x86.Deploy.0 = AppStore|iPhone
		{58ED27E6-8931-42E5-837B-C8D8A9E8A455}.Debug|Any CPU.ActiveCfg = Debug|iPhoneSimulator
		{58ED27E6-8931-42E5-837B-C8D8A9E8A455}.Debug|Any CPU.Build.0 = Debug|iPhoneSimulator
		{58ED27E6-8931-42E5-837B-C8D8A9E8A455}.Debug|Any CPU.Deploy.0 = Debug|iPhoneSimulator
		{58ED27E6-8931-42E5-837B-C8D8A9E8A455}.Debug|ARM.ActiveCfg = Debug|iPhone
		{58ED27E6-8931-42E5-837B-C8D8A9E8A455}.Debug|ARM.Build.0 = Debug|iPhone
		{58ED27E6-8931-42E5-837B-C8D8A9E8A455}.Debug|ARM.Deploy.0 = Debug|iPhone
		{58ED27E6-8931-42E5-837B-C8D8A9E8A455}.Debug|iPhone.ActiveCfg = Debug|iPhone
		{58ED27E6-8931-42E5-837B-C8D8A9E8A455}.Debug|iPhone.Build.0 = Debug|iPhone
		{58ED27E6-8931-42E5-837B-C8D8A9E8A455}.Debug|iPhone.Deploy.0 = Debug|iPhone
		{58ED27E6-8931-42E5-837B-C8D8A9E8A455}.Debug|iPhoneSimulator.ActiveCfg = Debug|iPhoneSimulator
		{58ED27E6-8931-42E5-837B-C8D8A9E8A455}.Debug|iPhoneSimulator.Build.0 = Debug|iPhoneSimulator
		{58ED27E6-8931-42E5-837B-C8D8A9E8A455}.Debug|iPhoneSimulator.Deploy.0 = Debug|iPhoneSimulator
		{58ED27E6-8931-42E5-837B-C8D8A9E8A455}.Debug|x64.ActiveCfg = Debug|iPhone
		{58ED27E6-8931-42E5-837B-C8D8A9E8A455}.Debug|x64.Build.0 = Debug|iPhone
		{58ED27E6-8931-42E5-837B-C8D8A9E8A455}.Debug|x64.Deploy.0 = Debug|iPhone
		{58ED27E6-8931-42E5-837B-C8D8A9E8A455}.Debug|x86.ActiveCfg = Debug|iPhone
		{58ED27E6-8931-42E5-837B-C8D8A9E8A455}.Debug|x86.Build.0 = Debug|iPhone
		{58ED27E6-8931-42E5-837B-C8D8A9E8A455}.Debug|x86.Deploy.0 = Debug|iPhone
		{58ED27E6-8931-42E5-837B-C8D8A9E8A455}.Release|Any CPU.ActiveCfg = Release|iPhone
		{58ED27E6-8931-42E5-837B-C8D8A9E8A455}.Release|Any CPU.Build.0 = Release|iPhone
		{58ED27E6-8931-42E5-837B-C8D8A9E8A455}.Release|Any CPU.Deploy.0 = Release|iPhone
		{58ED27E6-8931-42E5-837B-C8D8A9E8A455}.Release|ARM.ActiveCfg = Release|iPhone
		{58ED27E6-8931-42E5-837B-C8D8A9E8A455}.Release|ARM.Build.0 = Release|iPhone
		{58ED27E6-8931-42E5-837B-C8D8A9E8A455}.Release|ARM.Deploy.0 = Release|iPhone
		{58ED27E6-8931-42E5-837B-C8D8A9E8A455}.Release|iPhone.ActiveCfg = Release|iPhone
		{58ED27E6-8931-42E5-837B-C8D8A9E8A455}.Release|iPhone.Build.0 = Release|iPhone
		{58ED27E6-8931-42E5-837B-C8D8A9E8A455}.Release|iPhone.Deploy.0 = Release|iPhone
		{58ED27E6-8931-42E5-837B-C8D8A9E8A455}.Release|iPhoneSimulator.ActiveCfg = Release|iPhoneSimulator
		{58ED27E6-8931-42E5-837B-C8D8A9E8A455}.Release|iPhoneSimulator.Build.0 = Release|iPhoneSimulator
		{58ED27E6-8931-42E5-837B-C8D8A9E8A455}.Release|iPhoneSimulator.Deploy.0 = Release|iPhoneSimulator
		{58ED27E6-8931-42E5-837B-C8D8A9E8A455}.Release|x64.ActiveCfg = Release|iPhone
		{58ED27E6-8931-42E5-837B-C8D8A9E8A455}.Release|x64.Build.0 = Release|iPhone
		{58ED27E6-8931-42E5-837B-C8D8A9E8A455}.Release|x64.Deploy.0 = Release|iPhone
		{58ED27E6-8931-42E5-837B-C8D8A9E8A455}.Release|x86.ActiveCfg = Release|iPhone
		{58ED27E6-8931-42E5-837B-C8D8A9E8A455}.Release|x86.Build.0 = Release|iPhone
		{58ED27E6-8931-42E5-837B-C8D8A9E8A455}.Release|x86.Deploy.0 = Release|iPhone
		{996539A1-0C9D-4A14-A2E8-E992D4937A4F}.Ad-Hoc|Any CPU.ActiveCfg = Release|x86
		{996539A1-0C9D-4A14-A2E8-E992D4937A4F}.Ad-Hoc|Any CPU.Build.0 = Release|x86
		{996539A1-0C9D-4A14-A2E8-E992D4937A4F}.Ad-Hoc|Any CPU.Deploy.0 = Release|x86
		{996539A1-0C9D-4A14-A2E8-E992D4937A4F}.Ad-Hoc|ARM.ActiveCfg = Release|ARM
		{996539A1-0C9D-4A14-A2E8-E992D4937A4F}.Ad-Hoc|ARM.Build.0 = Release|ARM
		{996539A1-0C9D-4A14-A2E8-E992D4937A4F}.Ad-Hoc|ARM.Deploy.0 = Release|ARM
		{996539A1-0C9D-4A14-A2E8-E992D4937A4F}.Ad-Hoc|iPhone.ActiveCfg = Release|x86
		{996539A1-0C9D-4A14-A2E8-E992D4937A4F}.Ad-Hoc|iPhone.Build.0 = Release|x86
		{996539A1-0C9D-4A14-A2E8-E992D4937A4F}.Ad-Hoc|iPhone.Deploy.0 = Release|x86
		{996539A1-0C9D-4A14-A2E8-E992D4937A4F}.Ad-Hoc|iPhoneSimulator.ActiveCfg = Release|x86
		{996539A1-0C9D-4A14-A2E8-E992D4937A4F}.Ad-Hoc|iPhoneSimulator.Build.0 = Release|x86
		{996539A1-0C9D-4A14-A2E8-E992D4937A4F}.Ad-Hoc|iPhoneSimulator.Deploy.0 = Release|x86
		{996539A1-0C9D-4A14-A2E8-E992D4937A4F}.Ad-Hoc|x64.ActiveCfg = Release|x64
		{996539A1-0C9D-4A14-A2E8-E992D4937A4F}.Ad-Hoc|x64.Build.0 = Release|x64
		{996539A1-0C9D-4A14-A2E8-E992D4937A4F}.Ad-Hoc|x64.Deploy.0 = Release|x64
		{996539A1-0C9D-4A14-A2E8-E992D4937A4F}.Ad-Hoc|x86.ActiveCfg = Release|x86
		{996539A1-0C9D-4A14-A2E8-E992D4937A4F}.Ad-Hoc|x86.Build.0 = Release|x86
		{996539A1-0C9D-4A14-A2E8-E992D4937A4F}.Ad-Hoc|x86.Deploy.0 = Release|x86
		{996539A1-0C9D-4A14-A2E8-E992D4937A4F}.AppStore|Any CPU.ActiveCfg = Release|x86
		{996539A1-0C9D-4A14-A2E8-E992D4937A4F}.AppStore|Any CPU.Build.0 = Release|x86
		{996539A1-0C9D-4A14-A2E8-E992D4937A4F}.AppStore|Any CPU.Deploy.0 = Release|x86
		{996539A1-0C9D-4A14-A2E8-E992D4937A4F}.AppStore|ARM.ActiveCfg = Release|ARM
		{996539A1-0C9D-4A14-A2E8-E992D4937A4F}.AppStore|ARM.Build.0 = Release|ARM
		{996539A1-0C9D-4A14-A2E8-E992D4937A4F}.AppStore|ARM.Deploy.0 = Release|ARM
		{996539A1-0C9D-4A14-A2E8-E992D4937A4F}.AppStore|iPhone.ActiveCfg = Release|x86
		{996539A1-0C9D-4A14-A2E8-E992D4937A4F}.AppStore|iPhone.Build.0 = Release|x86
		{996539A1-0C9D-4A14-A2E8-E992D4937A4F}.AppStore|iPhone.Deploy.0 = Release|x86
		{996539A1-0C9D-4A14-A2E8-E992D4937A4F}.AppStore|iPhoneSimulator.ActiveCfg = Release|x86
		{996539A1-0C9D-4A14-A2E8-E992D4937A4F}.AppStore|iPhoneSimulator.Build.0 = Release|x86
		{996539A1-0C9D-4A14-A2E8-E992D4937A4F}.AppStore|iPhoneSimulator.Deploy.0 = Release|x86
		{996539A1-0C9D-4A14-A2E8-E992D4937A4F}.AppStore|x64.ActiveCfg = Release|x64
		{996539A1-0C9D-4A14-A2E8-E992D4937A4F}.AppStore|x64.Build.0 = Release|x64
		{996539A1-0C9D-4A14-A2E8-E992D4937A4F}.AppStore|x64.Deploy.0 = Release|x64
		{996539A1-0C9D-4A14-A2E8-E992D4937A4F}.AppStore|x86.ActiveCfg = Release|x86
		{996539A1-0C9D-4A14-A2E8-E992D4937A4F}.AppStore|x86.Build.0 = Release|x86
		{996539A1-0C9D-4A14-A2E8-E992D4937A4F}.AppStore|x86.Deploy.0 = Release|x86
		{996539A1-0C9D-4A14-A2E8-E992D4937A4F}.Debug|Any CPU.ActiveCfg = Debug|x86
		{996539A1-0C9D-4A14-A2E8-E992D4937A4F}.Debug|Any CPU.Build.0 = Debug|x86
		{996539A1-0C9D-4A14-A2E8-E992D4937A4F}.Debug|Any CPU.Deploy.0 = Debug|x86
		{996539A1-0C9D-4A14-A2E8-E992D4937A4F}.Debug|ARM.ActiveCfg = Debug|ARM
		{996539A1-0C9D-4A14-A2E8-E992D4937A4F}.Debug|ARM.Build.0 = Debug|ARM
		{996539A1-0C9D-4A14-A2E8-E992D4937A4F}.Debug|ARM.Deploy.0 = Debug|ARM
		{996539A1-0C9D-4A14-A2E8-E992D4937A4F}.Debug|iPhone.ActiveCfg = Debug|x86
		{996539A1-0C9D-4A14-A2E8-E992D4937A4F}.Debug|iPhone.Build.0 = Debug|x86
		{996539A1-0C9D-4A14-A2E8-E992D4937A4F}.Debug|iPhone.Deploy.0 = Debug|x86
		{996539A1-0C9D-4A14-A2E8-E992D4937A4F}.Debug|iPhoneSimulator.ActiveCfg = Debug|x86
		{996539A1-0C9D-4A14-A2E8-E992D4937A4F}.Debug|iPhoneSimulator.Build.0 = Debug|x86
		{996539A1-0C9D-4A14-A2E8-E992D4937A4F}.Debug|iPhoneSimulator.Deploy.0 = Debug|x86
		{996539A1-0C9D-4A14-A2E8-E992D4937A4F}.Debug|x64.ActiveCfg = Debug|x64
		{996539A1-0C9D-4A14-A2E8-E992D4937A4F}.Debug|x64.Build.0 = Debug|x64
		{996539A1-0C9D-4A14-A2E8-E992D4937A4F}.Debug|x64.Deploy.0 = Debug|x64
		{996539A1-0C9D-4A14-A2E8-E992D4937A4F}.Debug|x86.ActiveCfg = Debug|x86
		{996539A1-0C9D-4A14-A2E8-E992D4937A4F}.Debug|x86.Build.0 = Debug|x86
		{996539A1-0C9D-4A14-A2E8-E992D4937A4F}.Debug|x86.Deploy.0 = Debug|x86
		{996539A1-0C9D-4A14-A2E8-E992D4937A4F}.Release|Any CPU.ActiveCfg = Release|x86
		{996539A1-0C9D-4A14-A2E8-E992D4937A4F}.Release|Any CPU.Build.0 = Release|x86
		{996539A1-0C9D-4A14-A2E8-E992D4937A4F}.Release|Any CPU.Deploy.0 = Release|x86
		{996539A1-0C9D-4A14-A2E8-E992D4937A4F}.Release|ARM.ActiveCfg = Release|ARM
		{996539A1-0C9D-4A14-A2E8-E992D4937A4F}.Release|ARM.Build.0 = Release|ARM
		{996539A1-0C9D-4A14-A2E8-E992D4937A4F}.Release|ARM.Deploy.0 = Release|ARM
		{996539A1-0C9D-4A14-A2E8-E992D4937A4F}.Release|iPhone.ActiveCfg = Release|x86
		{996539A1-0C9D-4A14-A2E8-E992D4937A4F}.Release|iPhone.Build.0 = Release|x86
		{996539A1-0C9D-4A14-A2E8-E992D4937A4F}.Release|iPhone.Deploy.0 = Release|x86
		{996539A1-0C9D-4A14-A2E8-E992D4937A4F}.Release|iPhoneSimulator.ActiveCfg = Release|x86
		{996539A1-0C9D-4A14-A2E8-E992D4937A4F}.Release|iPhoneSimulator.Build.0 = Release|x86
		{996539A1-0C9D-4A14-A2E8-E992D4937A4F}.Release|iPhoneSimulator.Deploy.0 = Release|x86
		{996539A1-0C9D-4A14-A2E8-E992D4937A4F}.Release|x64.ActiveCfg = Release|x64
		{996539A1-0C9D-4A14-A2E8-E992D4937A4F}.Release|x64.Build.0 = Release|x64
		{996539A1-0C9D-4A14-A2E8-E992D4937A4F}.Release|x64.Deploy.0 = Release|x64
		{996539A1-0C9D-4A14-A2E8-E992D4937A4F}.Release|x86.ActiveCfg = Release|x86
		{996539A1-0C9D-4A14-A2E8-E992D4937A4F}.Release|x86.Build.0 = Release|x86
		{996539A1-0C9D-4A14-A2E8-E992D4937A4F}.Release|x86.Deploy.0 = Release|x86
		{AC619ED0-CF92-45D7-94A6-CA0BC3CC95DE}.Ad-Hoc|Any CPU.ActiveCfg = Debug|Any CPU
		{AC619ED0-CF92-45D7-94A6-CA0BC3CC95DE}.Ad-Hoc|Any CPU.Build.0 = Debug|Any CPU
		{AC619ED0-CF92-45D7-94A6-CA0BC3CC95DE}.Ad-Hoc|Any CPU.Deploy.0 = Debug|Any CPU
		{AC619ED0-CF92-45D7-94A6-CA0BC3CC95DE}.Ad-Hoc|ARM.ActiveCfg = Debug|Any CPU
		{AC619ED0-CF92-45D7-94A6-CA0BC3CC95DE}.Ad-Hoc|ARM.Build.0 = Debug|Any CPU
		{AC619ED0-CF92-45D7-94A6-CA0BC3CC95DE}.Ad-Hoc|ARM.Deploy.0 = Debug|Any CPU
		{AC619ED0-CF92-45D7-94A6-CA0BC3CC95DE}.Ad-Hoc|iPhone.ActiveCfg = Debug|Any CPU
		{AC619ED0-CF92-45D7-94A6-CA0BC3CC95DE}.Ad-Hoc|iPhone.Build.0 = Debug|Any CPU
		{AC619ED0-CF92-45D7-94A6-CA0BC3CC95DE}.Ad-Hoc|iPhone.Deploy.0 = Debug|Any CPU
		{AC619ED0-CF92-45D7-94A6-CA0BC3CC95DE}.Ad-Hoc|iPhoneSimulator.ActiveCfg = Debug|Any CPU
		{AC619ED0-CF92-45D7-94A6-CA0BC3CC95DE}.Ad-Hoc|iPhoneSimulator.Build.0 = Debug|Any CPU
		{AC619ED0-CF92-45D7-94A6-CA0BC3CC95DE}.Ad-Hoc|iPhoneSimulator.Deploy.0 = Debug|Any CPU
		{AC619ED0-CF92-45D7-94A6-CA0BC3CC95DE}.Ad-Hoc|x64.ActiveCfg = Debug|Any CPU
		{AC619ED0-CF92-45D7-94A6-CA0BC3CC95DE}.Ad-Hoc|x64.Build.0 = Debug|Any CPU
		{AC619ED0-CF92-45D7-94A6-CA0BC3CC95DE}.Ad-Hoc|x64.Deploy.0 = Debug|Any CPU
		{AC619ED0-CF92-45D7-94A6-CA0BC3CC95DE}.Ad-Hoc|x86.ActiveCfg = Debug|Any CPU
		{AC619ED0-CF92-45D7-94A6-CA0BC3CC95DE}.Ad-Hoc|x86.Build.0 = Debug|Any CPU
		{AC619ED0-CF92-45D7-94A6-CA0BC3CC95DE}.Ad-Hoc|x86.Deploy.0 = Debug|Any CPU
		{AC619ED0-CF92-45D7-94A6-CA0BC3CC95DE}.AppStore|Any CPU.ActiveCfg = Debug|Any CPU
		{AC619ED0-CF92-45D7-94A6-CA0BC3CC95DE}.AppStore|Any CPU.Build.0 = Debug|Any CPU
		{AC619ED0-CF92-45D7-94A6-CA0BC3CC95DE}.AppStore|Any CPU.Deploy.0 = Debug|Any CPU
		{AC619ED0-CF92-45D7-94A6-CA0BC3CC95DE}.AppStore|ARM.ActiveCfg = Debug|Any CPU
		{AC619ED0-CF92-45D7-94A6-CA0BC3CC95DE}.AppStore|ARM.Build.0 = Debug|Any CPU
		{AC619ED0-CF92-45D7-94A6-CA0BC3CC95DE}.AppStore|ARM.Deploy.0 = Debug|Any CPU
		{AC619ED0-CF92-45D7-94A6-CA0BC3CC95DE}.AppStore|iPhone.ActiveCfg = Debug|Any CPU
		{AC619ED0-CF92-45D7-94A6-CA0BC3CC95DE}.AppStore|iPhone.Build.0 = Debug|Any CPU
		{AC619ED0-CF92-45D7-94A6-CA0BC3CC95DE}.AppStore|iPhone.Deploy.0 = Debug|Any CPU
		{AC619ED0-CF92-45D7-94A6-CA0BC3CC95DE}.AppStore|iPhoneSimulator.ActiveCfg = Debug|Any CPU
		{AC619ED0-CF92-45D7-94A6-CA0BC3CC95DE}.AppStore|iPhoneSimulator.Build.0 = Debug|Any CPU
		{AC619ED0-CF92-45D7-94A6-CA0BC3CC95DE}.AppStore|iPhoneSimulator.Deploy.0 = Debug|Any CPU
		{AC619ED0-CF92-45D7-94A6-CA0BC3CC95DE}.AppStore|x64.ActiveCfg = Debug|Any CPU
		{AC619ED0-CF92-45D7-94A6-CA0BC3CC95DE}.AppStore|x64.Build.0 = Debug|Any CPU
		{AC619ED0-CF92-45D7-94A6-CA0BC3CC95DE}.AppStore|x64.Deploy.0 = Debug|Any CPU
		{AC619ED0-CF92-45D7-94A6-CA0BC3CC95DE}.AppStore|x86.ActiveCfg = Debug|Any CPU
		{AC619ED0-CF92-45D7-94A6-CA0BC3CC95DE}.AppStore|x86.Build.0 = Debug|Any CPU
		{AC619ED0-CF92-45D7-94A6-CA0BC3CC95DE}.AppStore|x86.Deploy.0 = Debug|Any CPU
		{AC619ED0-CF92-45D7-94A6-CA0BC3CC95DE}.Debug|Any CPU.ActiveCfg = Debug|Any CPU
		{AC619ED0-CF92-45D7-94A6-CA0BC3CC95DE}.Debug|Any CPU.Build.0 = Debug|Any CPU
		{AC619ED0-CF92-45D7-94A6-CA0BC3CC95DE}.Debug|Any CPU.Deploy.0 = Debug|Any CPU
		{AC619ED0-CF92-45D7-94A6-CA0BC3CC95DE}.Debug|ARM.ActiveCfg = Debug|Any CPU
		{AC619ED0-CF92-45D7-94A6-CA0BC3CC95DE}.Debug|ARM.Build.0 = Debug|Any CPU
		{AC619ED0-CF92-45D7-94A6-CA0BC3CC95DE}.Debug|ARM.Deploy.0 = Debug|Any CPU
		{AC619ED0-CF92-45D7-94A6-CA0BC3CC95DE}.Debug|iPhone.ActiveCfg = Debug|Any CPU
		{AC619ED0-CF92-45D7-94A6-CA0BC3CC95DE}.Debug|iPhone.Build.0 = Debug|Any CPU
		{AC619ED0-CF92-45D7-94A6-CA0BC3CC95DE}.Debug|iPhone.Deploy.0 = Debug|Any CPU
		{AC619ED0-CF92-45D7-94A6-CA0BC3CC95DE}.Debug|iPhoneSimulator.ActiveCfg = Debug|Any CPU
		{AC619ED0-CF92-45D7-94A6-CA0BC3CC95DE}.Debug|iPhoneSimulator.Build.0 = Debug|Any CPU
		{AC619ED0-CF92-45D7-94A6-CA0BC3CC95DE}.Debug|iPhoneSimulator.Deploy.0 = Debug|Any CPU
		{AC619ED0-CF92-45D7-94A6-CA0BC3CC95DE}.Debug|x64.ActiveCfg = Debug|Any CPU
		{AC619ED0-CF92-45D7-94A6-CA0BC3CC95DE}.Debug|x64.Build.0 = Debug|Any CPU
		{AC619ED0-CF92-45D7-94A6-CA0BC3CC95DE}.Debug|x64.Deploy.0 = Debug|Any CPU
		{AC619ED0-CF92-45D7-94A6-CA0BC3CC95DE}.Debug|x86.ActiveCfg = Debug|Any CPU
		{AC619ED0-CF92-45D7-94A6-CA0BC3CC95DE}.Debug|x86.Build.0 = Debug|Any CPU
		{AC619ED0-CF92-45D7-94A6-CA0BC3CC95DE}.Debug|x86.Deploy.0 = Debug|Any CPU
		{AC619ED0-CF92-45D7-94A6-CA0BC3CC95DE}.Release|Any CPU.ActiveCfg = Release|Any CPU
		{AC619ED0-CF92-45D7-94A6-CA0BC3CC95DE}.Release|Any CPU.Build.0 = Release|Any CPU
		{AC619ED0-CF92-45D7-94A6-CA0BC3CC95DE}.Release|Any CPU.Deploy.0 = Release|Any CPU
		{AC619ED0-CF92-45D7-94A6-CA0BC3CC95DE}.Release|ARM.ActiveCfg = Release|Any CPU
		{AC619ED0-CF92-45D7-94A6-CA0BC3CC95DE}.Release|ARM.Build.0 = Release|Any CPU
		{AC619ED0-CF92-45D7-94A6-CA0BC3CC95DE}.Release|ARM.Deploy.0 = Release|Any CPU
		{AC619ED0-CF92-45D7-94A6-CA0BC3CC95DE}.Release|iPhone.ActiveCfg = Release|Any CPU
		{AC619ED0-CF92-45D7-94A6-CA0BC3CC95DE}.Release|iPhone.Build.0 = Release|Any CPU
		{AC619ED0-CF92-45D7-94A6-CA0BC3CC95DE}.Release|iPhone.Deploy.0 = Release|Any CPU
		{AC619ED0-CF92-45D7-94A6-CA0BC3CC95DE}.Release|iPhoneSimulator.ActiveCfg = Release|Any CPU
		{AC619ED0-CF92-45D7-94A6-CA0BC3CC95DE}.Release|iPhoneSimulator.Build.0 = Release|Any CPU
		{AC619ED0-CF92-45D7-94A6-CA0BC3CC95DE}.Release|iPhoneSimulator.Deploy.0 = Release|Any CPU
		{AC619ED0-CF92-45D7-94A6-CA0BC3CC95DE}.Release|x64.ActiveCfg = Release|Any CPU
		{AC619ED0-CF92-45D7-94A6-CA0BC3CC95DE}.Release|x64.Build.0 = Release|Any CPU
		{AC619ED0-CF92-45D7-94A6-CA0BC3CC95DE}.Release|x64.Deploy.0 = Release|Any CPU
		{AC619ED0-CF92-45D7-94A6-CA0BC3CC95DE}.Release|x86.ActiveCfg = Release|Any CPU
		{AC619ED0-CF92-45D7-94A6-CA0BC3CC95DE}.Release|x86.Build.0 = Release|Any CPU
		{AC619ED0-CF92-45D7-94A6-CA0BC3CC95DE}.Release|x86.Deploy.0 = Release|Any CPU
	EndGlobalSection
	GlobalSection(SolutionProperties) = preSolution
		HideSolutionNode = FALSE
	EndGlobalSection
	GlobalSection(ExtensibilityGlobals) = postSolution
		SolutionGuid = {C5605B52-6C0E-4098-BBE7-9E92745A40A4}
	EndGlobalSection
EndGlobal
