
Microsoft Visual Studio Solution File, Format Version 12.00
# Visual Studio 15
VisualStudioVersion = 15.0.27703.2042
MinimumVisualStudioVersion = 10.0.40219.1
Project("{FAE04EC0-301F-11D3-BF4B-00C04F79EFBC}") = "App01_ConsultarCEP.Android", "App01_ConsultarCEP\App01_ConsultarCEP.Android\App01_ConsultarCEP.Android.csproj", "{2F8DC8AB-04C6-4442-AE1F-0E382EE3C817}"
EndProject
Project("{FAE04EC0-301F-11D3-BF4B-00C04F79EFBC}") = "App01_ConsultarCEP.iOS", "App01_ConsultarCEP\App01_ConsultarCEP.iOS\App01_ConsultarCEP.iOS.csproj", "{6694B2BF-0154-43A3-A1EB-E1A6ADDAA922}"
EndProject
Project("{FAE04EC0-301F-11D3-BF4B-00C04F79EFBC}") = "App01_ConsultarCEP.UWP", "App01_ConsultarCEP\App01_ConsultarCEP.UWP\App01_ConsultarCEP.UWP.csproj", "{1F5709C6-5052-433E-9A4F-0B727BB8B8B7}"
EndProject
Project("{FAE04EC0-301F-11D3-BF4B-00C04F79EFBC}") = "App01_ConsultarCEP", "App01_ConsultarCEP\App01_ConsultarCEP\App01_ConsultarCEP.csproj", "{CFF02DCF-68CF-4CDF-B702-D0896AD8AF30}"
EndProject
Global
	GlobalSection(SolutionConfigurationPlatforms) = preSolution
		Ad-Hoc|Any CPU = Ad-Hoc|Any CPU
		Ad-Hoc|ARM = Ad-Hoc|ARM
		Ad-Hoc|iPhone = Ad-Hoc|iPhone
		Ad-Hoc|iPhoneSimulator = Ad-Hoc|iPhoneSimulator
		Ad-Hoc|x64 = Ad-Hoc|x64
		Ad-Hoc|x86 = Ad-Hoc|x86
		AppStore|Any CPU = AppStore|Any CPU
		AppStore|ARM = AppStore|ARM
		AppStore|iPhone = AppStore|iPhone
		AppStore|iPhoneSimulator = AppStore|iPhoneSimulator
		AppStore|x64 = AppStore|x64
		AppStore|x86 = AppStore|x86
		Debug|Any CPU = Debug|Any CPU
		Debug|ARM = Debug|ARM
		Debug|iPhone = Debug|iPhone
		Debug|iPhoneSimulator = Debug|iPhoneSimulator
		Debug|x64 = Debug|x64
		Debug|x86 = Debug|x86
		Release|Any CPU = Release|Any CPU
		Release|ARM = Release|ARM
		Release|iPhone = Release|iPhone
		Release|iPhoneSimulator = Release|iPhoneSimulator
		Release|x64 = Release|x64
		Release|x86 = Release|x86
	EndGlobalSection
	GlobalSection(ProjectConfigurationPlatforms) = postSolution
		{2F8DC8AB-04C6-4442-AE1F-0E382EE3C817}.Ad-Hoc|Any CPU.ActiveCfg = Release|Any CPU
		{2F8DC8AB-04C6-4442-AE1F-0E382EE3C817}.Ad-Hoc|Any CPU.Build.0 = Release|Any CPU
		{2F8DC8AB-04C6-4442-AE1F-0E382EE3C817}.Ad-Hoc|Any CPU.Deploy.0 = Release|Any CPU
		{2F8DC8AB-04C6-4442-AE1F-0E382EE3C817}.Ad-Hoc|ARM.ActiveCfg = Release|Any CPU
		{2F8DC8AB-04C6-4442-AE1F-0E382EE3C817}.Ad-Hoc|ARM.Build.0 = Release|Any CPU
		{2F8DC8AB-04C6-4442-AE1F-0E382EE3C817}.Ad-Hoc|ARM.Deploy.0 = Release|Any CPU
		{2F8DC8AB-04C6-4442-AE1F-0E382EE3C817}.Ad-Hoc|iPhone.ActiveCfg = Release|Any CPU
		{2F8DC8AB-04C6-4442-AE1F-0E382EE3C817}.Ad-Hoc|iPhone.Build.0 = Release|Any CPU
		{2F8DC8AB-04C6-4442-AE1F-0E382EE3C817}.Ad-Hoc|iPhone.Deploy.0 = Release|Any CPU
		{2F8DC8AB-04C6-4442-AE1F-0E382EE3C817}.Ad-Hoc|iPhoneSimulator.ActiveCfg = Release|Any CPU
		{2F8DC8AB-04C6-4442-AE1F-0E382EE3C817}.Ad-Hoc|iPhoneSimulator.Build.0 = Release|Any CPU
		{2F8DC8AB-04C6-4442-AE1F-0E382EE3C817}.Ad-Hoc|iPhoneSimulator.Deploy.0 = Release|Any CPU
		{2F8DC8AB-04C6-4442-AE1F-0E382EE3C817}.Ad-Hoc|x64.ActiveCfg = Release|Any CPU
		{2F8DC8AB-04C6-4442-AE1F-0E382EE3C817}.Ad-Hoc|x64.Build.0 = Release|Any CPU
		{2F8DC8AB-04C6-4442-AE1F-0E382EE3C817}.Ad-Hoc|x64.Deploy.0 = Release|Any CPU
		{2F8DC8AB-04C6-4442-AE1F-0E382EE3C817}.Ad-Hoc|x86.ActiveCfg = Release|Any CPU
		{2F8DC8AB-04C6-4442-AE1F-0E382EE3C817}.Ad-Hoc|x86.Build.0 = Release|Any CPU
		{2F8DC8AB-04C6-4442-AE1F-0E382EE3C817}.Ad-Hoc|x86.Deploy.0 = Release|Any CPU
		{2F8DC8AB-04C6-4442-AE1F-0E382EE3C817}.AppStore|Any CPU.ActiveCfg = Release|Any CPU
		{2F8DC8AB-04C6-4442-AE1F-0E382EE3C817}.AppStore|Any CPU.Build.0 = Release|Any CPU
		{2F8DC8AB-04C6-4442-AE1F-0E382EE3C817}.AppStore|Any CPU.Deploy.0 = Release|Any CPU
		{2F8DC8AB-04C6-4442-AE1F-0E382EE3C817}.AppStore|ARM.ActiveCfg = Release|Any CPU
		{2F8DC8AB-04C6-4442-AE1F-0E382EE3C817}.AppStore|ARM.Build.0 = Release|Any CPU
		{2F8DC8AB-04C6-4442-AE1F-0E382EE3C817}.AppStore|ARM.Deploy.0 = Release|Any CPU
		{2F8DC8AB-04C6-4442-AE1F-0E382EE3C817}.AppStore|iPhone.ActiveCfg = Release|Any CPU
		{2F8DC8AB-04C6-4442-AE1F-0E382EE3C817}.AppStore|iPhone.Build.0 = Release|Any CPU
		{2F8DC8AB-04C6-4442-AE1F-0E382EE3C817}.AppStore|iPhone.Deploy.0 = Release|Any CPU
		{2F8DC8AB-04C6-4442-AE1F-0E382EE3C817}.AppStore|iPhoneSimulator.ActiveCfg = Release|Any CPU
		{2F8DC8AB-04C6-4442-AE1F-0E382EE3C817}.AppStore|iPhoneSimulator.Build.0 = Release|Any CPU
		{2F8DC8AB-04C6-4442-AE1F-0E382EE3C817}.AppStore|iPhoneSimulator.Deploy.0 = Release|Any CPU
		{2F8DC8AB-04C6-4442-AE1F-0E382EE3C817}.AppStore|x64.ActiveCfg = Release|Any CPU
		{2F8DC8AB-04C6-4442-AE1F-0E382EE3C817}.AppStore|x64.Build.0 = Release|Any CPU
		{2F8DC8AB-04C6-4442-AE1F-0E382EE3C817}.AppStore|x64.Deploy.0 = Release|Any CPU
		{2F8DC8AB-04C6-4442-AE1F-0E382EE3C817}.AppStore|x86.ActiveCfg = Release|Any CPU
		{2F8DC8AB-04C6-4442-AE1F-0E382EE3C817}.AppStore|x86.Build.0 = Release|Any CPU
		{2F8DC8AB-04C6-4442-AE1F-0E382EE3C817}.AppStore|x86.Deploy.0 = Release|Any CPU
		{2F8DC8AB-04C6-4442-AE1F-0E382EE3C817}.Debug|Any CPU.ActiveCfg = Debug|Any CPU
		{2F8DC8AB-04C6-4442-AE1F-0E382EE3C817}.Debug|Any CPU.Build.0 = Debug|Any CPU
		{2F8DC8AB-04C6-4442-AE1F-0E382EE3C817}.Debug|Any CPU.Deploy.0 = Debug|Any CPU
		{2F8DC8AB-04C6-4442-AE1F-0E382EE3C817}.Debug|ARM.ActiveCfg = Debug|Any CPU
		{2F8DC8AB-04C6-4442-AE1F-0E382EE3C817}.Debug|ARM.Build.0 = Debug|Any CPU
		{2F8DC8AB-04C6-4442-AE1F-0E382EE3C817}.Debug|ARM.Deploy.0 = Debug|Any CPU
		{2F8DC8AB-04C6-4442-AE1F-0E382EE3C817}.Debug|iPhone.ActiveCfg = Debug|Any CPU
		{2F8DC8AB-04C6-4442-AE1F-0E382EE3C817}.Debug|iPhone.Build.0 = Debug|Any CPU
		{2F8DC8AB-04C6-4442-AE1F-0E382EE3C817}.Debug|iPhone.Deploy.0 = Debug|Any CPU
		{2F8DC8AB-04C6-4442-AE1F-0E382EE3C817}.Debug|iPhoneSimulator.ActiveCfg = Debug|Any CPU
		{2F8DC8AB-04C6-4442-AE1F-0E382EE3C817}.Debug|iPhoneSimulator.Build.0 = Debug|Any CPU
		{2F8DC8AB-04C6-4442-AE1F-0E382EE3C817}.Debug|iPhoneSimulator.Deploy.0 = Debug|Any CPU
		{2F8DC8AB-04C6-4442-AE1F-0E382EE3C817}.Debug|x64.ActiveCfg = Debug|Any CPU
		{2F8DC8AB-04C6-4442-AE1F-0E382EE3C817}.Debug|x64.Build.0 = Debug|Any CPU
		{2F8DC8AB-04C6-4442-AE1F-0E382EE3C817}.Debug|x64.Deploy.0 = Debug|Any CPU
		{2F8DC8AB-04C6-4442-AE1F-0E382EE3C817}.Debug|x86.ActiveCfg = Debug|Any CPU
		{2F8DC8AB-04C6-4442-AE1F-0E382EE3C817}.Debug|x86.Build.0 = Debug|Any CPU
		{2F8DC8AB-04C6-4442-AE1F-0E382EE3C817}.Debug|x86.Deploy.0 = Debug|Any CPU
		{2F8DC8AB-04C6-4442-AE1F-0E382EE3C817}.Release|Any CPU.ActiveCfg = Release|Any CPU
		{2F8DC8AB-04C6-4442-AE1F-0E382EE3C817}.Release|Any CPU.Build.0 = Release|Any CPU
		{2F8DC8AB-04C6-4442-AE1F-0E382EE3C817}.Release|Any CPU.Deploy.0 = Release|Any CPU
		{2F8DC8AB-04C6-4442-AE1F-0E382EE3C817}.Release|ARM.ActiveCfg = Release|Any CPU
		{2F8DC8AB-04C6-4442-AE1F-0E382EE3C817}.Release|ARM.Build.0 = Release|Any CPU
		{2F8DC8AB-04C6-4442-AE1F-0E382EE3C817}.Release|ARM.Deploy.0 = Release|Any CPU
		{2F8DC8AB-04C6-4442-AE1F-0E382EE3C817}.Release|iPhone.ActiveCfg = Release|Any CPU
		{2F8DC8AB-04C6-4442-AE1F-0E382EE3C817}.Release|iPhone.Build.0 = Release|Any CPU
		{2F8DC8AB-04C6-4442-AE1F-0E382EE3C817}.Release|iPhone.Deploy.0 = Release|Any CPU
		{2F8DC8AB-04C6-4442-AE1F-0E382EE3C817}.Release|iPhoneSimulator.ActiveCfg = Release|Any CPU
		{2F8DC8AB-04C6-4442-AE1F-0E382EE3C817}.Release|iPhoneSimulator.Build.0 = Release|Any CPU
		{2F8DC8AB-04C6-4442-AE1F-0E382EE3C817}.Release|iPhoneSimulator.Deploy.0 = Release|Any CPU
		{2F8DC8AB-04C6-4442-AE1F-0E382EE3C817}.Release|x64.ActiveCfg = Release|Any CPU
		{2F8DC8AB-04C6-4442-AE1F-0E382EE3C817}.Release|x64.Build.0 = Release|Any CPU
		{2F8DC8AB-04C6-4442-AE1F-0E382EE3C817}.Release|x64.Deploy.0 = Release|Any CPU
		{2F8DC8AB-04C6-4442-AE1F-0E382EE3C817}.Release|x86.ActiveCfg = Release|Any CPU
		{2F8DC8AB-04C6-4442-AE1F-0E382EE3C817}.Release|x86.Build.0 = Release|Any CPU
		{2F8DC8AB-04C6-4442-AE1F-0E382EE3C817}.Release|x86.Deploy.0 = Release|Any CPU
		{6694B2BF-0154-43A3-A1EB-E1A6ADDAA922}.Ad-Hoc|Any CPU.ActiveCfg = Ad-Hoc|iPhone
		{6694B2BF-0154-43A3-A1EB-E1A6ADDAA922}.Ad-Hoc|Any CPU.Build.0 = Ad-Hoc|iPhone
		{6694B2BF-0154-43A3-A1EB-E1A6ADDAA922}.Ad-Hoc|Any CPU.Deploy.0 = Ad-Hoc|iPhone
		{6694B2BF-0154-43A3-A1EB-E1A6ADDAA922}.Ad-Hoc|ARM.ActiveCfg = Ad-Hoc|iPhone
		{6694B2BF-0154-43A3-A1EB-E1A6ADDAA922}.Ad-Hoc|ARM.Build.0 = Ad-Hoc|iPhone
		{6694B2BF-0154-43A3-A1EB-E1A6ADDAA922}.Ad-Hoc|ARM.Deploy.0 = Ad-Hoc|iPhone
		{6694B2BF-0154-43A3-A1EB-E1A6ADDAA922}.Ad-Hoc|iPhone.ActiveCfg = Ad-Hoc|iPhone
		{6694B2BF-0154-43A3-A1EB-E1A6ADDAA922}.Ad-Hoc|iPhone.Build.0 = Ad-Hoc|iPhone
		{6694B2BF-0154-43A3-A1EB-E1A6ADDAA922}.Ad-Hoc|iPhone.Deploy.0 = Ad-Hoc|iPhone
		{6694B2BF-0154-43A3-A1EB-E1A6ADDAA922}.Ad-Hoc|iPhoneSimulator.ActiveCfg = Ad-Hoc|iPhoneSimulator
		{6694B2BF-0154-43A3-A1EB-E1A6ADDAA922}.Ad-Hoc|iPhoneSimulator.Build.0 = Ad-Hoc|iPhoneSimulator
		{6694B2BF-0154-43A3-A1EB-E1A6ADDAA922}.Ad-Hoc|iPhoneSimulator.Deploy.0 = Ad-Hoc|iPhoneSimulator
		{6694B2BF-0154-43A3-A1EB-E1A6ADDAA922}.Ad-Hoc|x64.ActiveCfg = Ad-Hoc|iPhone
		{6694B2BF-0154-43A3-A1EB-E1A6ADDAA922}.Ad-Hoc|x64.Build.0 = Ad-Hoc|iPhone
		{6694B2BF-0154-43A3-A1EB-E1A6ADDAA922}.Ad-Hoc|x64.Deploy.0 = Ad-Hoc|iPhone
		{6694B2BF-0154-43A3-A1EB-E1A6ADDAA922}.Ad-Hoc|x86.ActiveCfg = Ad-Hoc|iPhone
		{6694B2BF-0154-43A3-A1EB-E1A6ADDAA922}.Ad-Hoc|x86.Build.0 = Ad-Hoc|iPhone
		{6694B2BF-0154-43A3-A1EB-E1A6ADDAA922}.Ad-Hoc|x86.Deploy.0 = Ad-Hoc|iPhone
		{6694B2BF-0154-43A3-A1EB-E1A6ADDAA922}.AppStore|Any CPU.ActiveCfg = AppStore|iPhone
		{6694B2BF-0154-43A3-A1EB-E1A6ADDAA922}.AppStore|Any CPU.Build.0 = AppStore|iPhone
		{6694B2BF-0154-43A3-A1EB-E1A6ADDAA922}.AppStore|Any CPU.Deploy.0 = AppStore|iPhone
		{6694B2BF-0154-43A3-A1EB-E1A6ADDAA922}.AppStore|ARM.ActiveCfg = AppStore|iPhone
		{6694B2BF-0154-43A3-A1EB-E1A6ADDAA922}.AppStore|ARM.Build.0 = AppStore|iPhone
		{6694B2BF-0154-43A3-A1EB-E1A6ADDAA922}.AppStore|ARM.Deploy.0 = AppStore|iPhone
		{6694B2BF-0154-43A3-A1EB-E1A6ADDAA922}.AppStore|iPhone.ActiveCfg = AppStore|iPhone
		{6694B2BF-0154-43A3-A1EB-E1A6ADDAA922}.AppStore|iPhone.Build.0 = AppStore|iPhone
		{6694B2BF-0154-43A3-A1EB-E1A6ADDAA922}.AppStore|iPhone.Deploy.0 = AppStore|iPhone
		{6694B2BF-0154-43A3-A1EB-E1A6ADDAA922}.AppStore|iPhoneSimulator.ActiveCfg = AppStore|iPhoneSimulator
		{6694B2BF-0154-43A3-A1EB-E1A6ADDAA922}.AppStore|iPhoneSimulator.Build.0 = AppStore|iPhoneSimulator
		{6694B2BF-0154-43A3-A1EB-E1A6ADDAA922}.AppStore|iPhoneSimulator.Deploy.0 = AppStore|iPhoneSimulator
		{6694B2BF-0154-43A3-A1EB-E1A6ADDAA922}.AppStore|x64.ActiveCfg = AppStore|iPhone
		{6694B2BF-0154-43A3-A1EB-E1A6ADDAA922}.AppStore|x64.Build.0 = AppStore|iPhone
		{6694B2BF-0154-43A3-A1EB-E1A6ADDAA922}.AppStore|x64.Deploy.0 = AppStore|iPhone
		{6694B2BF-0154-43A3-A1EB-E1A6ADDAA922}.AppStore|x86.ActiveCfg = AppStore|iPhone
		{6694B2BF-0154-43A3-A1EB-E1A6ADDAA922}.AppStore|x86.Build.0 = AppStore|iPhone
		{6694B2BF-0154-43A3-A1EB-E1A6ADDAA922}.AppStore|x86.Deploy.0 = AppStore|iPhone
		{6694B2BF-0154-43A3-A1EB-E1A6ADDAA922}.Debug|Any CPU.ActiveCfg = Debug|iPhoneSimulator
		{6694B2BF-0154-43A3-A1EB-E1A6ADDAA922}.Debug|Any CPU.Build.0 = Debug|iPhoneSimulator
		{6694B2BF-0154-43A3-A1EB-E1A6ADDAA922}.Debug|Any CPU.Deploy.0 = Debug|iPhoneSimulator
		{6694B2BF-0154-43A3-A1EB-E1A6ADDAA922}.Debug|ARM.ActiveCfg = Debug|iPhone
		{6694B2BF-0154-43A3-A1EB-E1A6ADDAA922}.Debug|ARM.Build.0 = Debug|iPhone
		{6694B2BF-0154-43A3-A1EB-E1A6ADDAA922}.Debug|ARM.Deploy.0 = Debug|iPhone
		{6694B2BF-0154-43A3-A1EB-E1A6ADDAA922}.Debug|iPhone.ActiveCfg = Debug|iPhone
		{6694B2BF-0154-43A3-A1EB-E1A6ADDAA922}.Debug|iPhone.Build.0 = Debug|iPhone
		{6694B2BF-0154-43A3-A1EB-E1A6ADDAA922}.Debug|iPhone.Deploy.0 = Debug|iPhone
		{6694B2BF-0154-43A3-A1EB-E1A6ADDAA922}.Debug|iPhoneSimulator.ActiveCfg = Debug|iPhoneSimulator
		{6694B2BF-0154-43A3-A1EB-E1A6ADDAA922}.Debug|iPhoneSimulator.Build.0 = Debug|iPhoneSimulator
		{6694B2BF-0154-43A3-A1EB-E1A6ADDAA922}.Debug|iPhoneSimulator.Deploy.0 = Debug|iPhoneSimulator
		{6694B2BF-0154-43A3-A1EB-E1A6ADDAA922}.Debug|x64.ActiveCfg = Debug|iPhone
		{6694B2BF-0154-43A3-A1EB-E1A6ADDAA922}.Debug|x64.Build.0 = Debug|iPhone
		{6694B2BF-0154-43A3-A1EB-E1A6ADDAA922}.Debug|x64.Deploy.0 = Debug|iPhone
		{6694B2BF-0154-43A3-A1EB-E1A6ADDAA922}.Debug|x86.ActiveCfg = Debug|iPhone
		{6694B2BF-0154-43A3-A1EB-E1A6ADDAA922}.Debug|x86.Build.0 = Debug|iPhone
		{6694B2BF-0154-43A3-A1EB-E1A6ADDAA922}.Debug|x86.Deploy.0 = Debug|iPhone
		{6694B2BF-0154-43A3-A1EB-E1A6ADDAA922}.Release|Any CPU.ActiveCfg = Release|iPhone
		{6694B2BF-0154-43A3-A1EB-E1A6ADDAA922}.Release|Any CPU.Build.0 = Release|iPhone
		{6694B2BF-0154-43A3-A1EB-E1A6ADDAA922}.Release|Any CPU.Deploy.0 = Release|iPhone
		{6694B2BF-0154-43A3-A1EB-E1A6ADDAA922}.Release|ARM.ActiveCfg = Release|iPhone
		{6694B2BF-0154-43A3-A1EB-E1A6ADDAA922}.Release|ARM.Build.0 = Release|iPhone
		{6694B2BF-0154-43A3-A1EB-E1A6ADDAA922}.Release|ARM.Deploy.0 = Release|iPhone
		{6694B2BF-0154-43A3-A1EB-E1A6ADDAA922}.Release|iPhone.ActiveCfg = Release|iPhone
		{6694B2BF-0154-43A3-A1EB-E1A6ADDAA922}.Release|iPhone.Build.0 = Release|iPhone
		{6694B2BF-0154-43A3-A1EB-E1A6ADDAA922}.Release|iPhone.Deploy.0 = Release|iPhone
		{6694B2BF-0154-43A3-A1EB-E1A6ADDAA922}.Release|iPhoneSimulator.ActiveCfg = Release|iPhoneSimulator
		{6694B2BF-0154-43A3-A1EB-E1A6ADDAA922}.Release|iPhoneSimulator.Build.0 = Release|iPhoneSimulator
		{6694B2BF-0154-43A3-A1EB-E1A6ADDAA922}.Release|iPhoneSimulator.Deploy.0 = Release|iPhoneSimulator
		{6694B2BF-0154-43A3-A1EB-E1A6ADDAA922}.Release|x64.ActiveCfg = Release|iPhone
		{6694B2BF-0154-43A3-A1EB-E1A6ADDAA922}.Release|x64.Build.0 = Release|iPhone
		{6694B2BF-0154-43A3-A1EB-E1A6ADDAA922}.Release|x64.Deploy.0 = Release|iPhone
		{6694B2BF-0154-43A3-A1EB-E1A6ADDAA922}.Release|x86.ActiveCfg = Release|iPhone
		{6694B2BF-0154-43A3-A1EB-E1A6ADDAA922}.Release|x86.Build.0 = Release|iPhone
		{6694B2BF-0154-43A3-A1EB-E1A6ADDAA922}.Release|x86.Deploy.0 = Release|iPhone
		{1F5709C6-5052-433E-9A4F-0B727BB8B8B7}.Ad-Hoc|Any CPU.ActiveCfg = Release|x86
		{1F5709C6-5052-433E-9A4F-0B727BB8B8B7}.Ad-Hoc|Any CPU.Build.0 = Release|x86
		{1F5709C6-5052-433E-9A4F-0B727BB8B8B7}.Ad-Hoc|Any CPU.Deploy.0 = Release|x86
		{1F5709C6-5052-433E-9A4F-0B727BB8B8B7}.Ad-Hoc|ARM.ActiveCfg = Release|ARM
		{1F5709C6-5052-433E-9A4F-0B727BB8B8B7}.Ad-Hoc|ARM.Build.0 = Release|ARM
		{1F5709C6-5052-433E-9A4F-0B727BB8B8B7}.Ad-Hoc|ARM.Deploy.0 = Release|ARM
		{1F5709C6-5052-433E-9A4F-0B727BB8B8B7}.Ad-Hoc|iPhone.ActiveCfg = Release|x86
		{1F5709C6-5052-433E-9A4F-0B727BB8B8B7}.Ad-Hoc|iPhone.Build.0 = Release|x86
		{1F5709C6-5052-433E-9A4F-0B727BB8B8B7}.Ad-Hoc|iPhone.Deploy.0 = Release|x86
		{1F5709C6-5052-433E-9A4F-0B727BB8B8B7}.Ad-Hoc|iPhoneSimulator.ActiveCfg = Release|x86
		{1F5709C6-5052-433E-9A4F-0B727BB8B8B7}.Ad-Hoc|iPhoneSimulator.Build.0 = Release|x86
		{1F5709C6-5052-433E-9A4F-0B727BB8B8B7}.Ad-Hoc|iPhoneSimulator.Deploy.0 = Release|x86
		{1F5709C6-5052-433E-9A4F-0B727BB8B8B7}.Ad-Hoc|x64.ActiveCfg = Release|x64
		{1F5709C6-5052-433E-9A4F-0B727BB8B8B7}.Ad-Hoc|x64.Build.0 = Release|x64
		{1F5709C6-5052-433E-9A4F-0B727BB8B8B7}.Ad-Hoc|x64.Deploy.0 = Release|x64
		{1F5709C6-5052-433E-9A4F-0B727BB8B8B7}.Ad-Hoc|x86.ActiveCfg = Release|x86
		{1F5709C6-5052-433E-9A4F-0B727BB8B8B7}.Ad-Hoc|x86.Build.0 = Release|x86
		{1F5709C6-5052-433E-9A4F-0B727BB8B8B7}.Ad-Hoc|x86.Deploy.0 = Release|x86
		{1F5709C6-5052-433E-9A4F-0B727BB8B8B7}.AppStore|Any CPU.ActiveCfg = Release|x86
		{1F5709C6-5052-433E-9A4F-0B727BB8B8B7}.AppStore|Any CPU.Build.0 = Release|x86
		{1F5709C6-5052-433E-9A4F-0B727BB8B8B7}.AppStore|Any CPU.Deploy.0 = Release|x86
		{1F5709C6-5052-433E-9A4F-0B727BB8B8B7}.AppStore|ARM.ActiveCfg = Release|ARM
		{1F5709C6-5052-433E-9A4F-0B727BB8B8B7}.AppStore|ARM.Build.0 = Release|ARM
		{1F5709C6-5052-433E-9A4F-0B727BB8B8B7}.AppStore|ARM.Deploy.0 = Release|ARM
		{1F5709C6-5052-433E-9A4F-0B727BB8B8B7}.AppStore|iPhone.ActiveCfg = Release|x86
		{1F5709C6-5052-433E-9A4F-0B727BB8B8B7}.AppStore|iPhone.Build.0 = Release|x86
		{1F5709C6-5052-433E-9A4F-0B727BB8B8B7}.AppStore|iPhone.Deploy.0 = Release|x86
		{1F5709C6-5052-433E-9A4F-0B727BB8B8B7}.AppStore|iPhoneSimulator.ActiveCfg = Release|x86
		{1F5709C6-5052-433E-9A4F-0B727BB8B8B7}.AppStore|iPhoneSimulator.Build.0 = Release|x86
		{1F5709C6-5052-433E-9A4F-0B727BB8B8B7}.AppStore|iPhoneSimulator.Deploy.0 = Release|x86
		{1F5709C6-5052-433E-9A4F-0B727BB8B8B7}.AppStore|x64.ActiveCfg = Release|x64
		{1F5709C6-5052-433E-9A4F-0B727BB8B8B7}.AppStore|x64.Build.0 = Release|x64
		{1F5709C6-5052-433E-9A4F-0B727BB8B8B7}.AppStore|x64.Deploy.0 = Release|x64
		{1F5709C6-5052-433E-9A4F-0B727BB8B8B7}.AppStore|x86.ActiveCfg = Release|x86
		{1F5709C6-5052-433E-9A4F-0B727BB8B8B7}.AppStore|x86.Build.0 = Release|x86
		{1F5709C6-5052-433E-9A4F-0B727BB8B8B7}.AppStore|x86.Deploy.0 = Release|x86
		{1F5709C6-5052-433E-9A4F-0B727BB8B8B7}.Debug|Any CPU.ActiveCfg = Debug|x86
		{1F5709C6-5052-433E-9A4F-0B727BB8B8B7}.Debug|Any CPU.Build.0 = Debug|x86
		{1F5709C6-5052-433E-9A4F-0B727BB8B8B7}.Debug|Any CPU.Deploy.0 = Debug|x86
		{1F5709C6-5052-433E-9A4F-0B727BB8B8B7}.Debug|ARM.ActiveCfg = Debug|ARM
		{1F5709C6-5052-433E-9A4F-0B727BB8B8B7}.Debug|ARM.Build.0 = Debug|ARM
		{1F5709C6-5052-433E-9A4F-0B727BB8B8B7}.Debug|ARM.Deploy.0 = Debug|ARM
		{1F5709C6-5052-433E-9A4F-0B727BB8B8B7}.Debug|iPhone.ActiveCfg = Debug|x86
		{1F5709C6-5052-433E-9A4F-0B727BB8B8B7}.Debug|iPhone.Build.0 = Debug|x86
		{1F5709C6-5052-433E-9A4F-0B727BB8B8B7}.Debug|iPhone.Deploy.0 = Debug|x86
		{1F5709C6-5052-433E-9A4F-0B727BB8B8B7}.Debug|iPhoneSimulator.ActiveCfg = Debug|x86
		{1F5709C6-5052-433E-9A4F-0B727BB8B8B7}.Debug|iPhoneSimulator.Build.0 = Debug|x86
		{1F5709C6-5052-433E-9A4F-0B727BB8B8B7}.Debug|iPhoneSimulator.Deploy.0 = Debug|x86
		{1F5709C6-5052-433E-9A4F-0B727BB8B8B7}.Debug|x64.ActiveCfg = Debug|x64
		{1F5709C6-5052-433E-9A4F-0B727BB8B8B7}.Debug|x64.Build.0 = Debug|x64
		{1F5709C6-5052-433E-9A4F-0B727BB8B8B7}.Debug|x64.Deploy.0 = Debug|x64
		{1F5709C6-5052-433E-9A4F-0B727BB8B8B7}.Debug|x86.ActiveCfg = Debug|x86
		{1F5709C6-5052-433E-9A4F-0B727BB8B8B7}.Debug|x86.Build.0 = Debug|x86
		{1F5709C6-5052-433E-9A4F-0B727BB8B8B7}.Debug|x86.Deploy.0 = Debug|x86
		{1F5709C6-5052-433E-9A4F-0B727BB8B8B7}.Release|Any CPU.ActiveCfg = Release|x86
		{1F5709C6-5052-433E-9A4F-0B727BB8B8B7}.Release|Any CPU.Build.0 = Release|x86
		{1F5709C6-5052-433E-9A4F-0B727BB8B8B7}.Release|Any CPU.Deploy.0 = Release|x86
		{1F5709C6-5052-433E-9A4F-0B727BB8B8B7}.Release|ARM.ActiveCfg = Release|ARM
		{1F5709C6-5052-433E-9A4F-0B727BB8B8B7}.Release|ARM.Build.0 = Release|ARM
		{1F5709C6-5052-433E-9A4F-0B727BB8B8B7}.Release|ARM.Deploy.0 = Release|ARM
		{1F5709C6-5052-433E-9A4F-0B727BB8B8B7}.Release|iPhone.ActiveCfg = Release|x86
		{1F5709C6-5052-433E-9A4F-0B727BB8B8B7}.Release|iPhone.Build.0 = Release|x86
		{1F5709C6-5052-433E-9A4F-0B727BB8B8B7}.Release|iPhone.Deploy.0 = Release|x86
		{1F5709C6-5052-433E-9A4F-0B727BB8B8B7}.Release|iPhoneSimulator.ActiveCfg = Release|x86
		{1F5709C6-5052-433E-9A4F-0B727BB8B8B7}.Release|iPhoneSimulator.Build.0 = Release|x86
		{1F5709C6-5052-433E-9A4F-0B727BB8B8B7}.Release|iPhoneSimulator.Deploy.0 = Release|x86
		{1F5709C6-5052-433E-9A4F-0B727BB8B8B7}.Release|x64.ActiveCfg = Release|x64
		{1F5709C6-5052-433E-9A4F-0B727BB8B8B7}.Release|x64.Build.0 = Release|x64
		{1F5709C6-5052-433E-9A4F-0B727BB8B8B7}.Release|x64.Deploy.0 = Release|x64
		{1F5709C6-5052-433E-9A4F-0B727BB8B8B7}.Release|x86.ActiveCfg = Release|x86
		{1F5709C6-5052-433E-9A4F-0B727BB8B8B7}.Release|x86.Build.0 = Release|x86
		{1F5709C6-5052-433E-9A4F-0B727BB8B8B7}.Release|x86.Deploy.0 = Release|x86
		{CFF02DCF-68CF-4CDF-B702-D0896AD8AF30}.Ad-Hoc|Any CPU.ActiveCfg = Debug|Any CPU
		{CFF02DCF-68CF-4CDF-B702-D0896AD8AF30}.Ad-Hoc|Any CPU.Build.0 = Debug|Any CPU
		{CFF02DCF-68CF-4CDF-B702-D0896AD8AF30}.Ad-Hoc|Any CPU.Deploy.0 = Debug|Any CPU
		{CFF02DCF-68CF-4CDF-B702-D0896AD8AF30}.Ad-Hoc|ARM.ActiveCfg = Debug|Any CPU
		{CFF02DCF-68CF-4CDF-B702-D0896AD8AF30}.Ad-Hoc|ARM.Build.0 = Debug|Any CPU
		{CFF02DCF-68CF-4CDF-B702-D0896AD8AF30}.Ad-Hoc|ARM.Deploy.0 = Debug|Any CPU
		{CFF02DCF-68CF-4CDF-B702-D0896AD8AF30}.Ad-Hoc|iPhone.ActiveCfg = Debug|Any CPU
		{CFF02DCF-68CF-4CDF-B702-D0896AD8AF30}.Ad-Hoc|iPhone.Build.0 = Debug|Any CPU
		{CFF02DCF-68CF-4CDF-B702-D0896AD8AF30}.Ad-Hoc|iPhone.Deploy.0 = Debug|Any CPU
		{CFF02DCF-68CF-4CDF-B702-D0896AD8AF30}.Ad-Hoc|iPhoneSimulator.ActiveCfg = Debug|Any CPU
		{CFF02DCF-68CF-4CDF-B702-D0896AD8AF30}.Ad-Hoc|iPhoneSimulator.Build.0 = Debug|Any CPU
		{CFF02DCF-68CF-4CDF-B702-D0896AD8AF30}.Ad-Hoc|iPhoneSimulator.Deploy.0 = Debug|Any CPU
		{CFF02DCF-68CF-4CDF-B702-D0896AD8AF30}.Ad-Hoc|x64.ActiveCfg = Debug|Any CPU
		{CFF02DCF-68CF-4CDF-B702-D0896AD8AF30}.Ad-Hoc|x64.Build.0 = Debug|Any CPU
		{CFF02DCF-68CF-4CDF-B702-D0896AD8AF30}.Ad-Hoc|x64.Deploy.0 = Debug|Any CPU
		{CFF02DCF-68CF-4CDF-B702-D0896AD8AF30}.Ad-Hoc|x86.ActiveCfg = Debug|Any CPU
		{CFF02DCF-68CF-4CDF-B702-D0896AD8AF30}.Ad-Hoc|x86.Build.0 = Debug|Any CPU
		{CFF02DCF-68CF-4CDF-B702-D0896AD8AF30}.Ad-Hoc|x86.Deploy.0 = Debug|Any CPU
		{CFF02DCF-68CF-4CDF-B702-D0896AD8AF30}.AppStore|Any CPU.ActiveCfg = Debug|Any CPU
		{CFF02DCF-68CF-4CDF-B702-D0896AD8AF30}.AppStore|Any CPU.Build.0 = Debug|Any CPU
		{CFF02DCF-68CF-4CDF-B702-D0896AD8AF30}.AppStore|Any CPU.Deploy.0 = Debug|Any CPU
		{CFF02DCF-68CF-4CDF-B702-D0896AD8AF30}.AppStore|ARM.ActiveCfg = Debug|Any CPU
		{CFF02DCF-68CF-4CDF-B702-D0896AD8AF30}.AppStore|ARM.Build.0 = Debug|Any CPU
		{CFF02DCF-68CF-4CDF-B702-D0896AD8AF30}.AppStore|ARM.Deploy.0 = Debug|Any CPU
		{CFF02DCF-68CF-4CDF-B702-D0896AD8AF30}.AppStore|iPhone.ActiveCfg = Debug|Any CPU
		{CFF02DCF-68CF-4CDF-B702-D0896AD8AF30}.AppStore|iPhone.Build.0 = Debug|Any CPU
		{CFF02DCF-68CF-4CDF-B702-D0896AD8AF30}.AppStore|iPhone.Deploy.0 = Debug|Any CPU
		{CFF02DCF-68CF-4CDF-B702-D0896AD8AF30}.AppStore|iPhoneSimulator.ActiveCfg = Debug|Any CPU
		{CFF02DCF-68CF-4CDF-B702-D0896AD8AF30}.AppStore|iPhoneSimulator.Build.0 = Debug|Any CPU
		{CFF02DCF-68CF-4CDF-B702-D0896AD8AF30}.AppStore|iPhoneSimulator.Deploy.0 = Debug|Any CPU
		{CFF02DCF-68CF-4CDF-B702-D0896AD8AF30}.AppStore|x64.ActiveCfg = Debug|Any CPU
		{CFF02DCF-68CF-4CDF-B702-D0896AD8AF30}.AppStore|x64.Build.0 = Debug|Any CPU
		{CFF02DCF-68CF-4CDF-B702-D0896AD8AF30}.AppStore|x64.Deploy.0 = Debug|Any CPU
		{CFF02DCF-68CF-4CDF-B702-D0896AD8AF30}.AppStore|x86.ActiveCfg = Debug|Any CPU
		{CFF02DCF-68CF-4CDF-B702-D0896AD8AF30}.AppStore|x86.Build.0 = Debug|Any CPU
		{CFF02DCF-68CF-4CDF-B702-D0896AD8AF30}.AppStore|x86.Deploy.0 = Debug|Any CPU
		{CFF02DCF-68CF-4CDF-B702-D0896AD8AF30}.Debug|Any CPU.ActiveCfg = Debug|Any CPU
		{CFF02DCF-68CF-4CDF-B702-D0896AD8AF30}.Debug|Any CPU.Build.0 = Debug|Any CPU
		{CFF02DCF-68CF-4CDF-B702-D0896AD8AF30}.Debug|Any CPU.Deploy.0 = Debug|Any CPU
		{CFF02DCF-68CF-4CDF-B702-D0896AD8AF30}.Debug|ARM.ActiveCfg = Debug|Any CPU
		{CFF02DCF-68CF-4CDF-B702-D0896AD8AF30}.Debug|ARM.Build.0 = Debug|Any CPU
		{CFF02DCF-68CF-4CDF-B702-D0896AD8AF30}.Debug|ARM.Deploy.0 = Debug|Any CPU
		{CFF02DCF-68CF-4CDF-B702-D0896AD8AF30}.Debug|iPhone.ActiveCfg = Debug|Any CPU
		{CFF02DCF-68CF-4CDF-B702-D0896AD8AF30}.Debug|iPhone.Build.0 = Debug|Any CPU
		{CFF02DCF-68CF-4CDF-B702-D0896AD8AF30}.Debug|iPhone.Deploy.0 = Debug|Any CPU
		{CFF02DCF-68CF-4CDF-B702-D0896AD8AF30}.Debug|iPhoneSimulator.ActiveCfg = Debug|Any CPU
		{CFF02DCF-68CF-4CDF-B702-D0896AD8AF30}.Debug|iPhoneSimulator.Build.0 = Debug|Any CPU
		{CFF02DCF-68CF-4CDF-B702-D0896AD8AF30}.Debug|iPhoneSimulator.Deploy.0 = Debug|Any CPU
		{CFF02DCF-68CF-4CDF-B702-D0896AD8AF30}.Debug|x64.ActiveCfg = Debug|Any CPU
		{CFF02DCF-68CF-4CDF-B702-D0896AD8AF30}.Debug|x64.Build.0 = Debug|Any CPU
		{CFF02DCF-68CF-4CDF-B702-D0896AD8AF30}.Debug|x64.Deploy.0 = Debug|Any CPU
		{CFF02DCF-68CF-4CDF-B702-D0896AD8AF30}.Debug|x86.ActiveCfg = Debug|Any CPU
		{CFF02DCF-68CF-4CDF-B702-D0896AD8AF30}.Debug|x86.Build.0 = Debug|Any CPU
		{CFF02DCF-68CF-4CDF-B702-D0896AD8AF30}.Debug|x86.Deploy.0 = Debug|Any CPU
		{CFF02DCF-68CF-4CDF-B702-D0896AD8AF30}.Release|Any CPU.ActiveCfg = Release|Any CPU
		{CFF02DCF-68CF-4CDF-B702-D0896AD8AF30}.Release|Any CPU.Build.0 = Release|Any CPU
		{CFF02DCF-68CF-4CDF-B702-D0896AD8AF30}.Release|Any CPU.Deploy.0 = Release|Any CPU
		{CFF02DCF-68CF-4CDF-B702-D0896AD8AF30}.Release|ARM.ActiveCfg = Release|Any CPU
		{CFF02DCF-68CF-4CDF-B702-D0896AD8AF30}.Release|ARM.Build.0 = Release|Any CPU
		{CFF02DCF-68CF-4CDF-B702-D0896AD8AF30}.Release|ARM.Deploy.0 = Release|Any CPU
		{CFF02DCF-68CF-4CDF-B702-D0896AD8AF30}.Release|iPhone.ActiveCfg = Release|Any CPU
		{CFF02DCF-68CF-4CDF-B702-D0896AD8AF30}.Release|iPhone.Build.0 = Release|Any CPU
		{CFF02DCF-68CF-4CDF-B702-D0896AD8AF30}.Release|iPhone.Deploy.0 = Release|Any CPU
		{CFF02DCF-68CF-4CDF-B702-D0896AD8AF30}.Release|iPhoneSimulator.ActiveCfg = Release|Any CPU
		{CFF02DCF-68CF-4CDF-B702-D0896AD8AF30}.Release|iPhoneSimulator.Build.0 = Release|Any CPU
		{CFF02DCF-68CF-4CDF-B702-D0896AD8AF30}.Release|iPhoneSimulator.Deploy.0 = Release|Any CPU
		{CFF02DCF-68CF-4CDF-B702-D0896AD8AF30}.Release|x64.ActiveCfg = Release|Any CPU
		{CFF02DCF-68CF-4CDF-B702-D0896AD8AF30}.Release|x64.Build.0 = Release|Any CPU
		{CFF02DCF-68CF-4CDF-B702-D0896AD8AF30}.Release|x64.Deploy.0 = Release|Any CPU
		{CFF02DCF-68CF-4CDF-B702-D0896AD8AF30}.Release|x86.ActiveCfg = Release|Any CPU
		{CFF02DCF-68CF-4CDF-B702-D0896AD8AF30}.Release|x86.Build.0 = Release|Any CPU
		{CFF02DCF-68CF-4CDF-B702-D0896AD8AF30}.Release|x86.Deploy.0 = Release|Any CPU
	EndGlobalSection
	GlobalSection(SolutionProperties) = preSolution
		HideSolutionNode = FALSE
	EndGlobalSection
	GlobalSection(ExtensibilityGlobals) = postSolution
		SolutionGuid = {4AA76E4A-B18D-4215-9E3F-E56AC6C5B01D}
	EndGlobalSection
EndGlobal
